
Microsoft Visual Studio Solution File, Format Version 12.00
# Visual Studio Version 17
VisualStudioVersion = 17.8.34322.80
MinimumVisualStudioVersion = 10.0.40219.1
Project("{F184B08F-C81C-45F6-A57F-5ABD9991F28F}") = "CaseStatement", "CaseStatement.vbproj", "{E5C25516-D4DB-43C4-804B-0B1E8CE40CFE}"
EndProject
Global
	GlobalSection(SolutionConfigurationPlatforms) = preSolution
		Debug|Any CPU = Debug|Any CPU
		Release|Any CPU = Release|Any CPU
	EndGlobalSection
	GlobalSection(ProjectConfigurationPlatforms) = postSolution
		{E5C25516-D4DB-43C4-804B-0B1E8CE40CFE}.Debug|Any CPU.ActiveCfg = Debug|Any CPU
		{E5C25516-D4DB-43C4-804B-0B1E8CE40CFE}.Debug|Any CPU.Build.0 = Debug|Any CPU
		{E5C25516-D4DB-43C4-804B-0B1E8CE40CFE}.Release|Any CPU.ActiveCfg = Release|Any CPU
		{E5C25516-D4DB-43C4-804B-0B1E8CE40CFE}.Release|Any CPU.Build.0 = Release|Any CPU
	EndGlobalSection
	GlobalSection(SolutionProperties) = preSolution
		HideSolutionNode = FALSE
	EndGlobalSection
	GlobalSection(ExtensibilityGlobals) = postSolution
		SolutionGuid = {6EC2B156-0722-49AC-BE61-2488ACADFC75}
	EndGlobalSection
EndGlobal
