
Microsoft Visual Studio Solution File, Format Version 12.00
# Visual Studio Version 17
VisualStudioVersion = 17.8.34322.80
MinimumVisualStudioVersion = 10.0.40219.1
Project("{F184B08F-C81C-45F6-A57F-5ABD9991F28F}") = "ListBoxes", "ListBoxes.vbproj", "{B028DD31-A3E9-4686-AD47-43D67A5CCB46}"
EndProject
Global
	GlobalSection(SolutionConfigurationPlatforms) = preSolution
		Debug|Any CPU = Debug|Any CPU
		Release|Any CPU = Release|Any CPU
	EndGlobalSection
	GlobalSection(ProjectConfigurationPlatforms) = postSolution
		{B028DD31-A3E9-4686-AD47-43D67A5CCB46}.Debug|Any CPU.ActiveCfg = Debug|Any CPU
		{B028DD31-A3E9-4686-AD47-43D67A5CCB46}.Debug|Any CPU.Build.0 = Debug|Any CPU
		{B028DD31-A3E9-4686-AD47-43D67A5CCB46}.Release|Any CPU.ActiveCfg = Release|Any CPU
		{B028DD31-A3E9-4686-AD47-43D67A5CCB46}.Release|Any CPU.Build.0 = Release|Any CPU
	EndGlobalSection
	GlobalSection(SolutionProperties) = preSolution
		HideSolutionNode = FALSE
	EndGlobalSection
	GlobalSection(ExtensibilityGlobals) = postSolution
		SolutionGuid = {BC3C325A-8B0E-4FAF-A047-27CC4DDFE6E7}
	EndGlobalSection
EndGlobal
